{
  "nodes": {
    "home-manager": {
      "inputs": {
        "nixpkgs": "nixpkgs"
      },
      "locked": {
        "lastModified": 1699025595,
        "narHash": "sha256-e+o4PoSu2Z6Ww8y/AVUmMU200rNZoRK+p2opQ7Db8Rg=",
        "owner": "nix-community",
        "repo": "home-manager",
        "rev": "8765d4e38aa0be53cdeee26f7386173e6c65618d",
        "type": "github"
      },
      "original": {
        "id": "home-manager",
        "type": "indirect"
      }
    },
    "nixpkgs": {
      "locked": {
        "lastModified": 1697456312,
        "narHash": "sha256-roiSnrqb5r+ehnKCauPLugoU8S36KgmWraHgRqVYndo=",
        "owner": "NixOS",
        "repo": "nixpkgs",
        "rev": "ca012a02bf8327be9e488546faecae5e05d7d749",
        "type": "github"
      },
      "original": {
        "owner": "NixOS",
        "ref": "nixos-unstable",
        "repo": "nixpkgs",
        "type": "github"
      }
    },
    "nixpkgs_2": {
      "locked": {
        "lastModified": 1699186365,
        "narHash": "sha256-Pxrw5U8mBsL3NlrJ6q1KK1crzvSUcdfwb9083sKDrcU=",
        "owner": "NixOS",
        "repo": "nixpkgs",
        "rev": "a0b3b06b7a82c965ae0bb1d59f6e386fe755001d",
        "type": "github"
      },
      "original": {
        "id": "nixpkgs",
        "type": "indirect"
      }
    },
    "root": {
      "inputs": {
        "home-manager": "home-manager",
        "nixpkgs": "nixpkgs_2"
      }
    }
  },
  "root": "root",
  "version": 7
}
