{
  "nodes": {
    "home-manager": {
      "inputs": {
        "nixpkgs": "nixpkgs"
      },
      "locked": {
        "lastModified": 1691312444,
        "narHash": "sha256-J9e9dGwAPTX+UlAn8jehoyaEq6fwK+L+gunfx0cYT4E=",
        "owner": "nix-community",
        "repo": "home-manager",
        "rev": "903e06d734bcae48efb79b9afd51b406d2744179",
        "type": "github"
      },
      "original": {
        "id": "home-manager",
        "type": "indirect"
      }
    },
    "nixpkgs": {
      "locked": {
        "lastModified": 1690881714,
        "narHash": "sha256-h/nXluEqdiQHs1oSgkOOWF+j8gcJMWhwnZ9PFabN6q0=",
        "owner": "NixOS",
        "repo": "nixpkgs",
        "rev": "9e1960bc196baf6881340d53dccb203a951745a2",
        "type": "github"
      },
      "original": {
        "owner": "NixOS",
        "ref": "nixos-unstable",
        "repo": "nixpkgs",
        "type": "github"
      }
    },
    "nixpkgs_2": {
      "locked": {
        "lastModified": 1691371061,
        "narHash": "sha256-BxPbPVlBIoneaXIBiHd0LVzA+L4nmvFCNBU6TmQAiMM=",
        "owner": "NixOS",
        "repo": "nixpkgs",
        "rev": "5068bc8fe943bde3c446326da8d0ca9c93d5a682",
        "type": "github"
      },
      "original": {
        "id": "nixpkgs",
        "type": "indirect"
      }
    },
    "root": {
      "inputs": {
        "home-manager": "home-manager",
        "nixpkgs": "nixpkgs_2"
      }
    }
  },
  "root": "root",
  "version": 7
}
